
Microsoft Visual Studio Solution File, Format Version 12.00
# Visual Studio Version 16
VisualStudioVersion = 16.0.29201.188
MinimumVisualStudioVersion = 10.0.40219.1
Project("{FAE04EC0-301F-11D3-BF4B-00C04F79EFBC}") = "Practica4", "Practica4\Practica4.csproj", "{145D33E4-D943-4ADE-B7B7-685BF365EAC2}"
EndProject
Project("{FAE04EC0-301F-11D3-BF4B-00C04F79EFBC}") = "Logica", "Logica\Logica.csproj", "{B94783CB-0D53-440B-8A86-192D79F09108}"
EndProject
Global
	GlobalSection(SolutionConfigurationPlatforms) = preSolution
		Debug|Any CPU = Debug|Any CPU
		Release|Any CPU = Release|Any CPU
	EndGlobalSection
	GlobalSection(ProjectConfigurationPlatforms) = postSolution
		{145D33E4-D943-4ADE-B7B7-685BF365EAC2}.Debug|Any CPU.ActiveCfg = Debug|Any CPU
		{145D33E4-D943-4ADE-B7B7-685BF365EAC2}.Debug|Any CPU.Build.0 = Debug|Any CPU
		{145D33E4-D943-4ADE-B7B7-685BF365EAC2}.Release|Any CPU.ActiveCfg = Release|Any CPU
		{145D33E4-D943-4ADE-B7B7-685BF365EAC2}.Release|Any CPU.Build.0 = Release|Any CPU
		{B94783CB-0D53-440B-8A86-192D79F09108}.Debug|Any CPU.ActiveCfg = Debug|Any CPU
		{B94783CB-0D53-440B-8A86-192D79F09108}.Debug|Any CPU.Build.0 = Debug|Any CPU
		{B94783CB-0D53-440B-8A86-192D79F09108}.Release|Any CPU.ActiveCfg = Release|Any CPU
		{B94783CB-0D53-440B-8A86-192D79F09108}.Release|Any CPU.Build.0 = Release|Any CPU
	EndGlobalSection
	GlobalSection(SolutionProperties) = preSolution
		HideSolutionNode = FALSE
	EndGlobalSection
	GlobalSection(ExtensibilityGlobals) = postSolution
		SolutionGuid = {251FD22C-F83C-4307-B5BF-1C5163AD4216}
	EndGlobalSection
EndGlobal
